# zag.lock — pinned dependency closure.
# Generated by `zag install`. Edit only with `zag add` / `zag update`.

[metadata]
zag-version  = "0.1.0"
generated-at = "2026-07-12T14:32:11Z"
resolver     = "git-only"

[[package]]
name     = "json"
source   = "git+https://github.com/zag-lang/json#v0.2.4"
git-rev  = "abc123def456…"
git-tree = "f7a9…"
sha256   = "01ba4719c80b6fe911b091a7c05124b64eeece964e09c1ef59a417261e7fecf0"

[[package]]
name     = "log"
source   = "git+https://github.com/zag-lang/log#a3f7b1c…"
git-rev  = "a3f7b1c…"
git-tree = "01ab…"
sha256   = "9b71d5b0a3a2c2d18eea40b0bcb2a1f3…"

[[package]]
name     = "zig-assert"
source   = "git+https://github.com/example/zig-assert#v0.3.1"
git-rev  = "c4d9a81…"
git-tree = "b6f3…"
sha256   = "21e2c9…"
# NOTE: this is a FIXTURE lockfile whose SHA values are illustrative
# PLACEHOLDERS drawn from the worked example in
# docs/manual/34-project-layout.md. They are not real upstream commits.
# The moment the v0.1 dep CLI ships, a real `zag install` run will
# overwrite this file with a `resolver = "git-only"` closure that has
# actual SHA + tree + sha256 values pulled from upstream history.
# Manual edits are overridden by the next `zag add` / `zag update` /
# `zag install` invocation.
#
# This file is intentionally checked in so a future reader can `diff`
# it against the manual's worked-example block and see exact byte-level
# shape parity.
#
#